
Microsoft Visual Studio Solution File, Format Version 12.00
# Visual Studio 15
VisualStudioVersion = 15.0.26730.16
MinimumVisualStudioVersion = 10.0.40219.1
Project("{F2A71F9B-5D33-465A-A702-920D77279786}") = "Admixture", "Admixture.fsproj", "{B5F04CE7-1FCD-4CE6-A80D-8697FC1C1509}"
EndProject
Global
	GlobalSection(SolutionConfigurationPlatforms) = preSolution
		Debug|Any CPU = Debug|Any CPU
		Release|Any CPU = Release|Any CPU
	EndGlobalSection
	GlobalSection(ProjectConfigurationPlatforms) = postSolution
		{B5F04CE7-1FCD-4CE6-A80D-8697FC1C1509}.Debug|Any CPU.ActiveCfg = Debug|Any CPU
		{B5F04CE7-1FCD-4CE6-A80D-8697FC1C1509}.Debug|Any CPU.Build.0 = Debug|Any CPU
		{B5F04CE7-1FCD-4CE6-A80D-8697FC1C1509}.Release|Any CPU.ActiveCfg = Release|Any CPU
		{B5F04CE7-1FCD-4CE6-A80D-8697FC1C1509}.Release|Any CPU.Build.0 = Release|Any CPU
	EndGlobalSection
	GlobalSection(SolutionProperties) = preSolution
		HideSolutionNode = FALSE
	EndGlobalSection
	GlobalSection(ExtensibilityGlobals) = postSolution
		SolutionGuid = {BC60D81C-18EC-4F41-9D6B-20F3370C2580}
	EndGlobalSection
EndGlobal
